PODS:
  - Kiwi (3.0.0)
  - YYLib (0.0.2)

DEPENDENCIES:
  - Kiwi
  - YYLib

SPEC REPOS:
  https://github.com/simonchen311/LibsRepo.git:
    - YYLib
  trunk:
    - Kiwi

SPEC CHECKSUMS:
  Kiwi: fbeafef0f00e4d8f7dcb3420a4930afe70af77f7
  YYLib: 7c06bcbbc5975f45ba8243e9c3e0cd7ea7eca57c

PODFILE CHECKSUM: d83ebbb111ad733c88ee351724ed62e196a73670

COCOAPODS: 1.10.0
