PODS:
  - Kiwi (3.0.0)
  - Protobuf (3.3.0)
  - YYLib (0.0.2):
    - Protobuf (~> 3.3.0)

DEPENDENCIES:
  - Kiwi
  - YYLib (from `../`)

SPEC REPOS:
  trunk:
    - Kiwi
    - Protobuf

EXTERNAL SOURCES:
  YYLib:
    :path: "../"

SPEC CHECKSUMS:
  Kiwi: fbeafef0f00e4d8f7dcb3420a4930afe70af77f7
  Protobuf: d582fecf68201eac3d79ed61369ef45734394b9c
  YYLib: 1a95df35323d9cb89171ff92430fb4107450b659

PODFILE CHECKSUM: a997a1c74f1512913e3c90149d34f8e6a283ec9d

COCOAPODS: 1.10.0
